
Microsoft Visual Studio Solution File, Format Version 12.00
# Visual Studio Version 16
VisualStudioVersion = 16.0.28803.202
MinimumVisualStudioVersion = 10.0.40219.1
Project("{FAE04EC0-301F-11D3-BF4B-00C04F79EFBC}") = "OilOnline", "OilOnline\OilOnline.csproj", "{4A3C84A5-4599-4B08-B5BE-CCA9BA356275}"
EndProject
Global
	GlobalSection(SolutionConfigurationPlatforms) = preSolution
		Debug|Any CPU = Debug|Any CPU
		Release|Any CPU = Release|Any CPU
	EndGlobalSection
	GlobalSection(ProjectConfigurationPlatforms) = postSolution
		{4A3C84A5-4599-4B08-B5BE-CCA9BA356275}.Debug|Any CPU.ActiveCfg = Debug|Any CPU
		{4A3C84A5-4599-4B08-B5BE-CCA9BA356275}.Debug|Any CPU.Build.0 = Debug|Any CPU
		{4A3C84A5-4599-4B08-B5BE-CCA9BA356275}.Release|Any CPU.ActiveCfg = Release|Any CPU
		{4A3C84A5-4599-4B08-B5BE-CCA9BA356275}.Release|Any CPU.Build.0 = Release|Any CPU
	EndGlobalSection
	GlobalSection(SolutionProperties) = preSolution
		HideSolutionNode = FALSE
	EndGlobalSection
	GlobalSection(ExtensibilityGlobals) = postSolution
		SolutionGuid = {3AA43AB6-B989-4212-A3E7-1AFCFA21BA94}
	EndGlobalSection
EndGlobal
